
Microsoft Visual Studio Solution File, Format Version 12.00
# Visual Studio 14
VisualStudioVersion = 14.0.23107.0
MinimumVisualStudioVersion = 10.0.40219.1
Project("{FAE04EC0-301F-11D3-BF4B-00C04F79EFBC}") = "Sitecore.ItemAdapter", "Sitecore.ItemAdapter\Sitecore.ItemAdapter.csproj", "{C86E225B-6FC4-49D0-B5B2-5090D84B7F48}"
EndProject
Project("{FAE04EC0-301F-11D3-BF4B-00C04F79EFBC}") = "Sitecore.ItemAdapter.Sample", "Sitecore.ItemAdapter.Sample\Sitecore.ItemAdapter.Sample.csproj", "{811E68CC-43DA-489B-96D7-146A34877DB2}"
EndProject
Global
	GlobalSection(SolutionConfigurationPlatforms) = preSolution
		Debug|Any CPU = Debug|Any CPU
		Release|Any CPU = Release|Any CPU
	EndGlobalSection
	GlobalSection(ProjectConfigurationPlatforms) = postSolution
		{C86E225B-6FC4-49D0-B5B2-5090D84B7F48}.Debug|Any CPU.ActiveCfg = Debug|Any CPU
		{C86E225B-6FC4-49D0-B5B2-5090D84B7F48}.Debug|Any CPU.Build.0 = Debug|Any CPU
		{C86E225B-6FC4-49D0-B5B2-5090D84B7F48}.Release|Any CPU.ActiveCfg = Release|Any CPU
		{C86E225B-6FC4-49D0-B5B2-5090D84B7F48}.Release|Any CPU.Build.0 = Release|Any CPU
		{811E68CC-43DA-489B-96D7-146A34877DB2}.Debug|Any CPU.ActiveCfg = Debug|Any CPU
		{811E68CC-43DA-489B-96D7-146A34877DB2}.Debug|Any CPU.Build.0 = Debug|Any CPU
		{811E68CC-43DA-489B-96D7-146A34877DB2}.Release|Any CPU.ActiveCfg = Release|Any CPU
		{811E68CC-43DA-489B-96D7-146A34877DB2}.Release|Any CPU.Build.0 = Release|Any CPU
	EndGlobalSection
	GlobalSection(SolutionProperties) = preSolution
		HideSolutionNode = FALSE
	EndGlobalSection
EndGlobal
